
Microsoft Visual Studio Solution File, Format Version 12.00
# Visual Studio Version 17
VisualStudioVersion = 17.8.34511.84
MinimumVisualStudioVersion = 10.0.40219.1
Project("{8BC9CEB8-8B4A-11D0-8D11-00A0C91BC942}") = "Clase_CPP", "Clase_CPP\Clase_CPP.vcxproj", "{56E5FD4B-746A-40AC-96A1-56D7962F595F}"
EndProject
Global
	GlobalSection(SolutionConfigurationPlatforms) = preSolution
		Debug|x64 = Debug|x64
		Debug|x86 = Debug|x86
		Release|x64 = Release|x64
		Release|x86 = Release|x86
	EndGlobalSection
	GlobalSection(ProjectConfigurationPlatforms) = postSolution
		{56E5FD4B-746A-40AC-96A1-56D7962F595F}.Debug|x64.ActiveCfg = Debug|x64
		{56E5FD4B-746A-40AC-96A1-56D7962F595F}.Debug|x64.Build.0 = Debug|x64
		{56E5FD4B-746A-40AC-96A1-56D7962F595F}.Debug|x86.ActiveCfg = Debug|Win32
		{56E5FD4B-746A-40AC-96A1-56D7962F595F}.Debug|x86.Build.0 = Debug|Win32
		{56E5FD4B-746A-40AC-96A1-56D7962F595F}.Release|x64.ActiveCfg = Release|x64
		{56E5FD4B-746A-40AC-96A1-56D7962F595F}.Release|x64.Build.0 = Release|x64
		{56E5FD4B-746A-40AC-96A1-56D7962F595F}.Release|x86.ActiveCfg = Release|Win32
		{56E5FD4B-746A-40AC-96A1-56D7962F595F}.Release|x86.Build.0 = Release|Win32
	EndGlobalSection
	GlobalSection(SolutionProperties) = preSolution
		HideSolutionNode = FALSE
	EndGlobalSection
	GlobalSection(ExtensibilityGlobals) = postSolution
		SolutionGuid = {55E223F5-2732-42A0-8FF6-F6BA1DD75EC7}
	EndGlobalSection
EndGlobal
